// !$*UTF8*$!
{
	archiveVersion = 1;
	classes = {
	};
	objectVersion = 56;
	objects = {

/* Begin PBXBuildFile section */
		044837E22BEAFCCC00069C53 /* CoreDataService.swift in Sources */ = {isa = PBXBuildFile; fileRef = 044837E12BEAFCCC00069C53 /* CoreDataService.swift */; };
		044837E42BEAFCD800069C53 /* CoreDataManager.swift in Sources */ = {isa = PBXBuildFile; fileRef = 044837E32BEAFCD800069C53 /* CoreDataManager.swift */; };
		044837E72BEB004200069C53 /* DataModel.xcdatamodeld in Sources */ = {isa = PBXBuildFile; fileRef = 044837E52BEB004200069C53 /* DataModel.xcdatamodeld */; };
		044837EE2BEB01BF00069C53 /* CoreDataChatMessage+CoreDataClass.swift in Sources */ = {isa = PBXBuildFile; fileRef = 044837EC2BEB01BF00069C53 /* CoreDataChatMessage+CoreDataClass.swift */; };
		044837EF2BEB01BF00069C53 /* CoreDataChatMessage+CoreDataProperties.swift in Sources */ = {isa = PBXBuildFile; fileRef = 044837ED2BEB01BF00069C53 /* CoreDataChatMessage+CoreDataProperties.swift */; };
		044837F42BEB072000069C53 /* MessageModel.swift in Sources */ = {isa = PBXBuildFile; fileRef = 044837F32BEB072000069C53 /* MessageModel.swift */; };
		045537882BF437CD00CB8863 /* Magic - Rude.mp3 in Resources */ = {isa = PBXBuildFile; fileRef = 045537812BF437CD00CB8863 /* Magic - Rude.mp3 */; };
		045537892BF437CD00CB8863 /* saypink! - БРОСАЙ.mp3 in Resources */ = {isa = PBXBuildFile; fileRef = 045537822BF437CD00CB8863 /* saypink! - БРОСАЙ.mp3 */; };
		0455378A2BF437CD00CB8863 /* PINK EYES! - Сон.mp3 in Resources */ = {isa = PBXBuildFile; fileRef = 045537832BF437CD00CB8863 /* PINK EYES! - Сон.mp3 */; };
		0455378B2BF437CD00CB8863 /* Пошлая Молли - 2013.mp3 in Resources */ = {isa = PBXBuildFile; fileRef = 045537842BF437CD00CB8863 /* Пошлая Молли - 2013.mp3 */; };
		0455378C2BF437CD00CB8863 /* КОСМОНАВТОВ НЕТ - вход прости Юра мы всё потеряли.mp3 in Resources */ = {isa = PBXBuildFile; fileRef = 045537852BF437CD00CB8863 /* КОСМОНАВТОВ НЕТ - вход прости Юра мы всё потеряли.mp3 */; };
		0455378D2BF437CD00CB8863 /* saypink kolenki.mp3 in Resources */ = {isa = PBXBuildFile; fileRef = 045537862BF437CD00CB8863 /* saypink kolenki.mp3 */; };
		0455378E2BF437CD00CB8863 /* LONEVATE feat. 18th - запах сирени.mp3 in Resources */ = {isa = PBXBuildFile; fileRef = 045537872BF437CD00CB8863 /* LONEVATE feat. 18th - запах сирени.mp3 */; };
		045537912BF43CD200CB8863 /* MusicPlayer.swift in Sources */ = {isa = PBXBuildFile; fileRef = 045537902BF43CD200CB8863 /* MusicPlayer.swift */; };
		045537932BF43DF200CB8863 /* MusicPlayerManager.swift in Sources */ = {isa = PBXBuildFile; fileRef = 045537922BF43DF200CB8863 /* MusicPlayerManager.swift */; };
		045537962BF5C9C800CB8863 /* ChatScreenViewController.swift in Sources */ = {isa = PBXBuildFile; fileRef = 045537952BF5C9C800CB8863 /* ChatScreenViewController.swift */; };
		045537992BF5CEA500CB8863 /* ChatScreenTableViewCell.swift in Sources */ = {isa = PBXBuildFile; fileRef = 045537982BF5CEA500CB8863 /* ChatScreenTableViewCell.swift */; };
		045AC7D22BE8708B0089E49A /* CornerView.swift in Sources */ = {isa = PBXBuildFile; fileRef = 045AC7D12BE8708B0089E49A /* CornerView.swift */; };
		045AC7D52BE873D70089E49A /* SettingsScreenViewController.swift in Sources */ = {isa = PBXBuildFile; fileRef = 045AC7D42BE873D70089E49A /* SettingsScreenViewController.swift */; };
		045AC7DB2BE8755D0089E49A /* SettingsCollectionViewCell.xib in Resources */ = {isa = PBXBuildFile; fileRef = 045AC7DA2BE8755D0089E49A /* SettingsCollectionViewCell.xib */; };
		045AC7DC2BE8755D0089E49A /* SettingsCollectionViewCell.swift in Sources */ = {isa = PBXBuildFile; fileRef = 045AC7D92BE8755D0089E49A /* SettingsCollectionViewCell.swift */; };
		045AC7E12BE898760089E49A /* SetttingsScreenCollectionModel.swift in Sources */ = {isa = PBXBuildFile; fileRef = 045AC7E02BE898760089E49A /* SetttingsScreenCollectionModel.swift */; };
		045AC7E72BE98F7B0089E49A /* MusicScreenViewController.swift in Sources */ = {isa = PBXBuildFile; fileRef = 045AC7E62BE98F7B0089E49A /* MusicScreenViewController.swift */; };
		045AC7EA2BE994D20089E49A /* MusicSettingsCollectionViewCell.xib in Resources */ = {isa = PBXBuildFile; fileRef = 045AC7E92BE994D20089E49A /* MusicSettingsCollectionViewCell.xib */; };
		045AC7EB2BE994D20089E49A /* MusicSettingsCollectionViewCell.swift in Sources */ = {isa = PBXBuildFile; fileRef = 045AC7E82BE994D20089E49A /* MusicSettingsCollectionViewCell.swift */; };
		045AC7ED2BE9A8730089E49A /* MusicScreenModel.swift in Sources */ = {isa = PBXBuildFile; fileRef = 045AC7EC2BE9A8730089E49A /* MusicScreenModel.swift */; };
		045AC7F22BE9B4760089E49A /* UserDefaultStorage.swift in Sources */ = {isa = PBXBuildFile; fileRef = 045AC7F12BE9B4760089E49A /* UserDefaultStorage.swift */; };
		045AC7F42BE9B48F0089E49A /* ApplicationSettings.swift in Sources */ = {isa = PBXBuildFile; fileRef = 045AC7F32BE9B48F0089E49A /* ApplicationSettings.swift */; };
		045AC7F62BE9B4FC0089E49A /* ApplicationStorage.swift in Sources */ = {isa = PBXBuildFile; fileRef = 045AC7F52BE9B4FC0089E49A /* ApplicationStorage.swift */; };
		045AC7F92BE9B6940089E49A /* Bundle+Extensions.swift in Sources */ = {isa = PBXBuildFile; fileRef = 045AC7F82BE9B6940089E49A /* Bundle+Extensions.swift */; };
		045AC7FB2BE9B91C0089E49A /* SettingsProvider.swift in Sources */ = {isa = PBXBuildFile; fileRef = 045AC7FA2BE9B91C0089E49A /* SettingsProvider.swift */; };
		045AC7FF2BE9C1610089E49A /* Localizable.strings in Resources */ = {isa = PBXBuildFile; fileRef = 045AC7FD2BE9C1610089E49A /* Localizable.strings */; };
		04DF28D72BE49C1C008247B1 /* AppDelegate.swift in Sources */ = {isa = PBXBuildFile; fileRef = 04DF28D62BE49C1C008247B1 /* AppDelegate.swift */; };
		04DF28D92BE49C1C008247B1 /* SceneDelegate.swift in Sources */ = {isa = PBXBuildFile; fileRef = 04DF28D82BE49C1C008247B1 /* SceneDelegate.swift */; };
		04DF28DB2BE49C1C008247B1 /* MainScreenViewController.swift in Sources */ = {isa = PBXBuildFile; fileRef = 04DF28DA2BE49C1C008247B1 /* MainScreenViewController.swift */; };
		04DF28DE2BE49C1C008247B1 /* Base in Resources */ = {isa = PBXBuildFile; fileRef = 04DF28DD2BE49C1C008247B1 /* Base */; };
		04DF28E02BE49C1E008247B1 /* Assets.xcassets in Resources */ = {isa = PBXBuildFile; fileRef = 04DF28DF2BE49C1E008247B1 /* Assets.xcassets */; };
		04DF28E32BE49C1E008247B1 /* Base in Resources */ = {isa = PBXBuildFile; fileRef = 04DF28E22BE49C1E008247B1 /* Base */; };
		04DF28F22BE4A05D008247B1 /* R.generated.swift in Sources */ = {isa = PBXBuildFile; fileRef = 04DF28F12BE4A05D008247B1 /* R.generated.swift */; };
		04E324D02C03FED700B12B21 /* AIManager.swift in Sources */ = {isa = PBXBuildFile; fileRef = 04E324CF2C03FED700B12B21 /* AIManager.swift */; };
		04E324D32C0407D500B12B21 /* NotLocalizable.strings in Resources */ = {isa = PBXBuildFile; fileRef = 04E324D12C0407D500B12B21 /* NotLocalizable.strings */; };
		04E324D52C06A8EE00B12B21 /* LaunchScreenViewController.swift in Sources */ = {isa = PBXBuildFile; fileRef = 04E324D42C06A8EE00B12B21 /* LaunchScreenViewController.swift */; };
		04E324DB2C06BE5F00B12B21 /* loadView.json in Resources */ = {isa = PBXBuildFile; fileRef = 04E324D82C06BE5F00B12B21 /* loadView.json */; };
		04E324DC2C06BE5F00B12B21 /* avatarPerson.json in Resources */ = {isa = PBXBuildFile; fileRef = 04E324D92C06BE5F00B12B21 /* avatarPerson.json */; };
		04E324DE2C06C3BC00B12B21 /* mainScreen.json in Resources */ = {isa = PBXBuildFile; fileRef = 04E324DD2C06C3BC00B12B21 /* mainScreen.json */; };
		04E324E02C06D7FA00B12B21 /* avatarBot.json in Resources */ = {isa = PBXBuildFile; fileRef = 04E324DF2C06D7FA00B12B21 /* avatarBot.json */; };
		04F2C8CA2BFC51E7006D4872 /* ChatScreenView.swift in Sources */ = {isa = PBXBuildFile; fileRef = 04F2C8C92BFC51E7006D4872 /* ChatScreenView.swift */; };
		04F2C8CC2BFC75FD006D4872 /* Notification + Extensions.swift in Sources */ = {isa = PBXBuildFile; fileRef = 04F2C8CB2BFC75FD006D4872 /* Notification + Extensions.swift */; };
		04F2C8CE2BFC769D006D4872 /* UIView.AnimationOptions + Extensions.swift in Sources */ = {isa = PBXBuildFile; fileRef = 04F2C8CD2BFC769D006D4872 /* UIView.AnimationOptions + Extensions.swift */; };
		04F2C8D12C0005DC006D4872 /* RoleScreenViewController.swift in Sources */ = {isa = PBXBuildFile; fileRef = 04F2C8D02C0005DC006D4872 /* RoleScreenViewController.swift */; };
		04F2C8D52C000846006D4872 /* RoleScreenTableViewCell.swift in Sources */ = {isa = PBXBuildFile; fileRef = 04F2C8D32C000846006D4872 /* RoleScreenTableViewCell.swift */; };
		04F2C8D62C000846006D4872 /* RoleScreenTableViewCell.xib in Resources */ = {isa = PBXBuildFile; fileRef = 04F2C8D42C000846006D4872 /* RoleScreenTableViewCell.xib */; };
		04F2C8DA2C0012F4006D4872 /* ChatRole.swift in Sources */ = {isa = PBXBuildFile; fileRef = 04F2C8D92C0012F4006D4872 /* ChatRole.swift */; };
		04F2C8DE2C002272006D4872 /* AIClient.swift in Sources */ = {isa = PBXBuildFile; fileRef = 04F2C8DD2C002272006D4872 /* AIClient.swift */; };
		04F2C8E02C002471006D4872 /* AIClientModel.swift in Sources */ = {isa = PBXBuildFile; fileRef = 04F2C8DF2C002471006D4872 /* AIClientModel.swift */; };
		04F2C8E22C002552006D4872 /* AIClientModelType.swift in Sources */ = {isa = PBXBuildFile; fileRef = 04F2C8E12C002552006D4872 /* AIClientModelType.swift */; };
		04F2C8E42C0028B0006D4872 /* AIClientEndPoint.swift in Sources */ = {isa = PBXBuildFile; fileRef = 04F2C8E32C0028B0006D4872 /* AIClientEndPoint.swift */; };
		04F2C8E62C002959006D4872 /* AIClientCommand.swift in Sources */ = {isa = PBXBuildFile; fileRef = 04F2C8E52C002959006D4872 /* AIClientCommand.swift */; };
		04F2C8E82C002D42006D4872 /* ApplicationConstants.swift in Sources */ = {isa = PBXBuildFile; fileRef = 04F2C8E72C002D42006D4872 /* ApplicationConstants.swift */; };
		3FA30B438E57039140F5BD00 /* Pods_DialogDroid.framework in Frameworks */ = {isa = PBXBuildFile; fileRef = 902B7B0F26F225B99FDA2B90 /* Pods_DialogDroid.framework */; };
/* End PBXBuildFile section */

/* Begin PBXFileReference section */
		044837E12BEAFCCC00069C53 /* CoreDataService.swift */ = {isa = PBXFileReference; lastKnownFileType = sourcecode.swift; path = CoreDataService.swift; sourceTree = "<group>"; };
		044837E32BEAFCD800069C53 /* CoreDataManager.swift */ = {isa = PBXFileReference; lastKnownFileType = sourcecode.swift; path = CoreDataManager.swift; sourceTree = "<group>"; };
		044837E62BEB004200069C53 /* DataModel.xcdatamodel */ = {isa = PBXFileReference; lastKnownFileType = wrapper.xcdatamodel; path = DataModel.xcdatamodel; sourceTree = "<group>"; };
		044837EC2BEB01BF00069C53 /* CoreDataChatMessage+CoreDataClass.swift */ = {isa = PBXFileReference; lastKnownFileType = sourcecode.swift; path = "CoreDataChatMessage+CoreDataClass.swift"; sourceTree = "<group>"; };
		044837ED2BEB01BF00069C53 /* CoreDataChatMessage+CoreDataProperties.swift */ = {isa = PBXFileReference; lastKnownFileType = sourcecode.swift; path = "CoreDataChatMessage+CoreDataProperties.swift"; sourceTree = "<group>"; };
		044837F32BEB072000069C53 /* MessageModel.swift */ = {isa = PBXFileReference; lastKnownFileType = sourcecode.swift; path = MessageModel.swift; sourceTree = "<group>"; };
		045537812BF437CD00CB8863 /* Magic - Rude.mp3 */ = {isa = PBXFileReference; lastKnownFileType = audio.mp3; path = "Magic - Rude.mp3"; sourceTree = "<group>"; };
		045537822BF437CD00CB8863 /* saypink! - БРОСАЙ.mp3 */ = {isa = PBXFileReference; lastKnownFileType = audio.mp3; path = "saypink! - БРОСАЙ.mp3"; sourceTree = "<group>"; };
		045537832BF437CD00CB8863 /* PINK EYES! - Сон.mp3 */ = {isa = PBXFileReference; lastKnownFileType = audio.mp3; path = "PINK EYES! - Сон.mp3"; sourceTree = "<group>"; };
		045537842BF437CD00CB8863 /* Пошлая Молли - 2013.mp3 */ = {isa = PBXFileReference; lastKnownFileType = audio.mp3; path = "Пошлая Молли - 2013.mp3"; sourceTree = "<group>"; };
		045537852BF437CD00CB8863 /* КОСМОНАВТОВ НЕТ - вход прости Юра мы всё потеряли.mp3 */ = {isa = PBXFileReference; lastKnownFileType = audio.mp3; path = "КОСМОНАВТОВ НЕТ - вход прости Юра мы всё потеряли.mp3"; sourceTree = "<group>"; };
		045537862BF437CD00CB8863 /* saypink kolenki.mp3 */ = {isa = PBXFileReference; lastKnownFileType = audio.mp3; path = "saypink kolenki.mp3"; sourceTree = "<group>"; };
		045537872BF437CD00CB8863 /* LONEVATE feat. 18th - запах сирени.mp3 */ = {isa = PBXFileReference; lastKnownFileType = audio.mp3; path = "LONEVATE feat. 18th - запах сирени.mp3"; sourceTree = "<group>"; };
		045537902BF43CD200CB8863 /* MusicPlayer.swift */ = {isa = PBXFileReference; lastKnownFileType = sourcecode.swift; path = MusicPlayer.swift; sourceTree = "<group>"; };
		045537922BF43DF200CB8863 /* MusicPlayerManager.swift */ = {isa = PBXFileReference; lastKnownFileType = sourcecode.swift; path = MusicPlayerManager.swift; sourceTree = "<group>"; };
		045537952BF5C9C800CB8863 /* ChatScreenViewController.swift */ = {isa = PBXFileReference; lastKnownFileType = sourcecode.swift; path = ChatScreenViewController.swift; sourceTree = "<group>"; };
		045537982BF5CEA500CB8863 /* ChatScreenTableViewCell.swift */ = {isa = PBXFileReference; lastKnownFileType = sourcecode.swift; path = ChatScreenTableViewCell.swift; sourceTree = "<group>"; };
		045AC7D12BE8708B0089E49A /* CornerView.swift */ = {isa = PBXFileReference; lastKnownFileType = sourcecode.swift; path = CornerView.swift; sourceTree = "<group>"; };
		045AC7D42BE873D70089E49A /* SettingsScreenViewController.swift */ = {isa = PBXFileReference; lastKnownFileType = sourcecode.swift; path = SettingsScreenViewController.swift; sourceTree = "<group>"; };
		045AC7D92BE8755D0089E49A /* SettingsCollectionViewCell.swift */ = {isa = PBXFileReference; lastKnownFileType = sourcecode.swift; path = SettingsCollectionViewCell.swift; sourceTree = "<group>"; };
		045AC7DA2BE8755D0089E49A /* SettingsCollectionViewCell.xib */ = {isa = PBXFileReference; lastKnownFileType = file.xib; path = SettingsCollectionViewCell.xib; sourceTree = "<group>"; };
		045AC7E02BE898760089E49A /* SetttingsScreenCollectionModel.swift */ = {isa = PBXFileReference; lastKnownFileType = sourcecode.swift; path = SetttingsScreenCollectionModel.swift; sourceTree = "<group>"; };
		045AC7E62BE98F7B0089E49A /* MusicScreenViewController.swift */ = {isa = PBXFileReference; lastKnownFileType = sourcecode.swift; path = MusicScreenViewController.swift; sourceTree = "<group>"; };
		045AC7E82BE994D20089E49A /* MusicSettingsCollectionViewCell.swift */ = {isa = PBXFileReference; lastKnownFileType = sourcecode.swift; path = MusicSettingsCollectionViewCell.swift; sourceTree = "<group>"; };
		045AC7E92BE994D20089E49A /* MusicSettingsCollectionViewCell.xib */ = {isa = PBXFileReference; lastKnownFileType = file.xib; path = MusicSettingsCollectionViewCell.xib; sourceTree = "<group>"; };
		045AC7EC2BE9A8730089E49A /* MusicScreenModel.swift */ = {isa = PBXFileReference; lastKnownFileType = sourcecode.swift; name = MusicScreenModel.swift; path = ../../../../../../Documents/MusicScreenModel.swift; sourceTree = "<group>"; };
		045AC7F12BE9B4760089E49A /* UserDefaultStorage.swift */ = {isa = PBXFileReference; lastKnownFileType = sourcecode.swift; path = UserDefaultStorage.swift; sourceTree = "<group>"; };
		045AC7F32BE9B48F0089E49A /* ApplicationSettings.swift */ = {isa = PBXFileReference; lastKnownFileType = sourcecode.swift; path = ApplicationSettings.swift; sourceTree = "<group>"; };
		045AC7F52BE9B4FC0089E49A /* ApplicationStorage.swift */ = {isa = PBXFileReference; lastKnownFileType = sourcecode.swift; path = ApplicationStorage.swift; sourceTree = "<group>"; };
		045AC7F82BE9B6940089E49A /* Bundle+Extensions.swift */ = {isa = PBXFileReference; lastKnownFileType = sourcecode.swift; path = "Bundle+Extensions.swift"; sourceTree = "<group>"; };
		045AC7FA2BE9B91C0089E49A /* SettingsProvider.swift */ = {isa = PBXFileReference; lastKnownFileType = sourcecode.swift; path = SettingsProvider.swift; sourceTree = "<group>"; };
		045AC7FE2BE9C1610089E49A /* en */ = {isa = PBXFileReference; lastKnownFileType = text.plist.strings; name = en; path = en.lproj/Localizable.strings; sourceTree = "<group>"; };
		045AC8002BE9CDC10089E49A /* ru */ = {isa = PBXFileReference; lastKnownFileType = text.plist.strings; name = ru; path = ru.lproj/Localizable.strings; sourceTree = "<group>"; };
		04DF28D32BE49C1C008247B1 /* DialogDroid.app */ = {isa = PBXFileReference; explicitFileType = wrapper.application; includeInIndex = 0; path = DialogDroid.app; sourceTree = BUILT_PRODUCTS_DIR; };
		04DF28D62BE49C1C008247B1 /* AppDelegate.swift */ = {isa = PBXFileReference; lastKnownFileType = sourcecode.swift; path = AppDelegate.swift; sourceTree = "<group>"; };
		04DF28D82BE49C1C008247B1 /* SceneDelegate.swift */ = {isa = PBXFileReference; lastKnownFileType = sourcecode.swift; path = SceneDelegate.swift; sourceTree = "<group>"; };
		04DF28DA2BE49C1C008247B1 /* MainScreenViewController.swift */ = {isa = PBXFileReference; lastKnownFileType = sourcecode.swift; path = MainScreenViewController.swift; sourceTree = "<group>"; };
		04DF28DD2BE49C1C008247B1 /* Base */ = {isa = PBXFileReference; lastKnownFileType = file.storyboard; name = Base; path = Base.lproj/Main.storyboard; sourceTree = "<group>"; };
		04DF28DF2BE49C1E008247B1 /* Assets.xcassets */ = {isa = PBXFileReference; lastKnownFileType = folder.assetcatalog; path = Assets.xcassets; sourceTree = "<group>"; };
		04DF28E22BE49C1E008247B1 /* Base */ = {isa = PBXFileReference; lastKnownFileType = file.storyboard; name = Base; path = Base.lproj/LaunchScreen.storyboard; sourceTree = "<group>"; };
		04DF28E42BE49C1E008247B1 /* Info.plist */ = {isa = PBXFileReference; lastKnownFileType = text.plist.xml; path = Info.plist; sourceTree = "<group>"; };
		04DF28F12BE4A05D008247B1 /* R.generated.swift */ = {isa = PBXFileReference; fileEncoding = 4; lastKnownFileType = sourcecode.swift; path = R.generated.swift; sourceTree = "<group>"; };
		04E324CF2C03FED700B12B21 /* AIManager.swift */ = {isa = PBXFileReference; lastKnownFileType = sourcecode.swift; path = AIManager.swift; sourceTree = "<group>"; };
		04E324D22C0407D500B12B21 /* en */ = {isa = PBXFileReference; lastKnownFileType = text.plist.strings; name = en; path = en.lproj/NotLocalizable.strings; sourceTree = "<group>"; };
		04E324D42C06A8EE00B12B21 /* LaunchScreenViewController.swift */ = {isa = PBXFileReference; lastKnownFileType = sourcecode.swift; path = LaunchScreenViewController.swift; sourceTree = "<group>"; };
		04E324D82C06BE5F00B12B21 /* loadView.json */ = {isa = PBXFileReference; fileEncoding = 4; lastKnownFileType = text.json; path = loadView.json; sourceTree = "<group>"; };
		04E324D92C06BE5F00B12B21 /* avatarPerson.json */ = {isa = PBXFileReference; fileEncoding = 4; lastKnownFileType = text.json; path = avatarPerson.json; sourceTree = "<group>"; };
		04E324DD2C06C3BC00B12B21 /* mainScreen.json */ = {isa = PBXFileReference; fileEncoding = 4; lastKnownFileType = text.json; path = mainScreen.json; sourceTree = "<group>"; };
		04E324DF2C06D7FA00B12B21 /* avatarBot.json */ = {isa = PBXFileReference; fileEncoding = 4; lastKnownFileType = text.json; path = avatarBot.json; sourceTree = "<group>"; };
		04F2C8C92BFC51E7006D4872 /* ChatScreenView.swift */ = {isa = PBXFileReference; lastKnownFileType = sourcecode.swift; path = ChatScreenView.swift; sourceTree = "<group>"; };
		04F2C8CB2BFC75FD006D4872 /* Notification + Extensions.swift */ = {isa = PBXFileReference; lastKnownFileType = sourcecode.swift; path = "Notification + Extensions.swift"; sourceTree = "<group>"; };
		04F2C8CD2BFC769D006D4872 /* UIView.AnimationOptions + Extensions.swift */ = {isa = PBXFileReference; lastKnownFileType = sourcecode.swift; path = "UIView.AnimationOptions + Extensions.swift"; sourceTree = "<group>"; };
		04F2C8D02C0005DC006D4872 /* RoleScreenViewController.swift */ = {isa = PBXFileReference; lastKnownFileType = sourcecode.swift; path = RoleScreenViewController.swift; sourceTree = "<group>"; };
		04F2C8D32C000846006D4872 /* RoleScreenTableViewCell.swift */ = {isa = PBXFileReference; lastKnownFileType = sourcecode.swift; path = RoleScreenTableViewCell.swift; sourceTree = "<group>"; };
		04F2C8D42C000846006D4872 /* RoleScreenTableViewCell.xib */ = {isa = PBXFileReference; lastKnownFileType = file.xib; path = RoleScreenTableViewCell.xib; sourceTree = "<group>"; };
		04F2C8D92C0012F4006D4872 /* ChatRole.swift */ = {isa = PBXFileReference; lastKnownFileType = sourcecode.swift; path = ChatRole.swift; sourceTree = "<group>"; };
		04F2C8DD2C002272006D4872 /* AIClient.swift */ = {isa = PBXFileReference; lastKnownFileType = sourcecode.swift; path = AIClient.swift; sourceTree = "<group>"; };
		04F2C8DF2C002471006D4872 /* AIClientModel.swift */ = {isa = PBXFileReference; lastKnownFileType = sourcecode.swift; path = AIClientModel.swift; sourceTree = "<group>"; };
		04F2C8E12C002552006D4872 /* AIClientModelType.swift */ = {isa = PBXFileReference; lastKnownFileType = sourcecode.swift; path = AIClientModelType.swift; sourceTree = "<group>"; };
		04F2C8E32C0028B0006D4872 /* AIClientEndPoint.swift */ = {isa = PBXFileReference; lastKnownFileType = sourcecode.swift; path = AIClientEndPoint.swift; sourceTree = "<group>"; };
		04F2C8E52C002959006D4872 /* AIClientCommand.swift */ = {isa = PBXFileReference; lastKnownFileType = sourcecode.swift; path = AIClientCommand.swift; sourceTree = "<group>"; };
		04F2C8E72C002D42006D4872 /* ApplicationConstants.swift */ = {isa = PBXFileReference; lastKnownFileType = sourcecode.swift; path = ApplicationConstants.swift; sourceTree = "<group>"; };
		571C1B55AEB516085AFAB066 /* Pods-DialogDroid.debug.xcconfig */ = {isa = PBXFileReference; includeInIndex = 1; lastKnownFileType = text.xcconfig; name = "Pods-DialogDroid.debug.xcconfig"; path = "Target Support Files/Pods-DialogDroid/Pods-DialogDroid.debug.xcconfig"; sourceTree = "<group>"; };
		902B7B0F26F225B99FDA2B90 /* Pods_DialogDroid.framework */ = {isa = PBXFileReference; explicitFileType = wrapper.framework; includeInIndex = 0; path = Pods_DialogDroid.framework; sourceTree = BUILT_PRODUCTS_DIR; };
		C6F826579998BC2C2BA5C8FC /* Pods-DialogDroid.release.xcconfig */ = {isa = PBXFileReference; includeInIndex = 1; lastKnownFileType = text.xcconfig; name = "Pods-DialogDroid.release.xcconfig"; path = "Target Support Files/Pods-DialogDroid/Pods-DialogDroid.release.xcconfig"; sourceTree = "<group>"; };
/* End PBXFileReference section */

/* Begin PBXFrameworksBuildPhase section */
		04DF28D02BE49C1C008247B1 /* Frameworks */ = {
			isa = PBXFrameworksBuildPhase;
			buildActionMask = 2147483647;
			files = (
				3FA30B438E57039140F5BD00 /* Pods_DialogDroid.framework in Frameworks */,
			);
			runOnlyForDeploymentPostprocessing = 0;
		};
/* End PBXFrameworksBuildPhase section */

/* Begin PBXGroup section */
		044837DF2BEAFCA200069C53 /* CoreData */ = {
			isa = PBXGroup;
			children = (
				044837E02BEAFCB500069C53 /* Model */,
			);
			path = CoreData;
			sourceTree = "<group>";
		};
		044837E02BEAFCB500069C53 /* Model */ = {
			isa = PBXGroup;
			children = (
				044837EC2BEB01BF00069C53 /* CoreDataChatMessage+CoreDataClass.swift */,
				044837ED2BEB01BF00069C53 /* CoreDataChatMessage+CoreDataProperties.swift */,
				044837E12BEAFCCC00069C53 /* CoreDataService.swift */,
				044837E32BEAFCD800069C53 /* CoreDataManager.swift */,
				044837E52BEB004200069C53 /* DataModel.xcdatamodeld */,
			);
			path = Model;
			sourceTree = "<group>";
		};
		044837F12BEB06E700069C53 /* ChatScreen */ = {
			isa = PBXGroup;
			children = (
				045537972BF5CE8500CB8863 /* View */,
				045537942BF5C9A600CB8863 /* Controller */,
				044837F22BEB06EF00069C53 /* Model */,
			);
			path = ChatScreen;
			sourceTree = "<group>";
		};
		044837F22BEB06EF00069C53 /* Model */ = {
			isa = PBXGroup;
			children = (
				044837F32BEB072000069C53 /* MessageModel.swift */,
			);
			path = Model;
			sourceTree = "<group>";
		};
		045537802BF4359300CB8863 /* Music */ = {
			isa = PBXGroup;
			children = (
				045537852BF437CD00CB8863 /* КОСМОНАВТОВ НЕТ - вход прости Юра мы всё потеряли.mp3 */,
				045537842BF437CD00CB8863 /* Пошлая Молли - 2013.mp3 */,
				045537872BF437CD00CB8863 /* LONEVATE feat. 18th - запах сирени.mp3 */,
				045537812BF437CD00CB8863 /* Magic - Rude.mp3 */,
				045537832BF437CD00CB8863 /* PINK EYES! - Сон.mp3 */,
				045537862BF437CD00CB8863 /* saypink kolenki.mp3 */,
				045537822BF437CD00CB8863 /* saypink! - БРОСАЙ.mp3 */,
			);
			path = Music;
			sourceTree = "<group>";
		};
		0455378F2BF43CB500CB8863 /* MusicServices */ = {
			isa = PBXGroup;
			children = (
				045537902BF43CD200CB8863 /* MusicPlayer.swift */,
				045537922BF43DF200CB8863 /* MusicPlayerManager.swift */,
			);
			path = MusicServices;
			sourceTree = "<group>";
		};
		045537942BF5C9A600CB8863 /* Controller */ = {
			isa = PBXGroup;
			children = (
				045537952BF5C9C800CB8863 /* ChatScreenViewController.swift */,
			);
			path = Controller;
			sourceTree = "<group>";
		};
		045537972BF5CE8500CB8863 /* View */ = {
			isa = PBXGroup;
			children = (
				045537982BF5CEA500CB8863 /* ChatScreenTableViewCell.swift */,
				04F2C8C92BFC51E7006D4872 /* ChatScreenView.swift */,
			);
			path = View;
			sourceTree = "<group>";
		};
		045AC7CF2BE870600089E49A /* CustomElements */ = {
			isa = PBXGroup;
			children = (
				045AC7D02BE870740089E49A /* Views */,
			);
			path = CustomElements;
			sourceTree = "<group>";
		};
		045AC7D02BE870740089E49A /* Views */ = {
			isa = PBXGroup;
			children = (
				045AC7D12BE8708B0089E49A /* CornerView.swift */,
			);
			path = Views;
			sourceTree = "<group>";
		};
		045AC7D32BE873BA0089E49A /* SettingsScreen */ = {
			isa = PBXGroup;
			children = (
				045AC7DF2BE8983B0089E49A /* Controller */,
				045AC7DE2BE898340089E49A /* View */,
				045AC7DD2BE8982E0089E49A /* Model */,
			);
			path = SettingsScreen;
			sourceTree = "<group>";
		};
		045AC7D62BE875150089E49A /* Cell */ = {
			isa = PBXGroup;
			children = (
				045AC7D92BE8755D0089E49A /* SettingsCollectionViewCell.swift */,
				045AC7DA2BE8755D0089E49A /* SettingsCollectionViewCell.xib */,
			);
			path = Cell;
			sourceTree = "<group>";
		};
		045AC7DD2BE8982E0089E49A /* Model */ = {
			isa = PBXGroup;
			children = (
				045AC7E02BE898760089E49A /* SetttingsScreenCollectionModel.swift */,
			);
			path = Model;
			sourceTree = "<group>";
		};
		045AC7DE2BE898340089E49A /* View */ = {
			isa = PBXGroup;
			children = (
				045AC7D62BE875150089E49A /* Cell */,
			);
			path = View;
			sourceTree = "<group>";
		};
		045AC7DF2BE8983B0089E49A /* Controller */ = {
			isa = PBXGroup;
			children = (
				045AC7D42BE873D70089E49A /* SettingsScreenViewController.swift */,
			);
			path = Controller;
			sourceTree = "<group>";
		};
		045AC7E22BE98F370089E49A /* MusicSettingsScreen */ = {
			isa = PBXGroup;
			children = (
				045AC7E52BE98F5E0089E49A /* Model */,
				045AC7E42BE98F570089E49A /* View */,
				045AC7E32BE98F500089E49A /* Controller */,
			);
			path = MusicSettingsScreen;
			sourceTree = "<group>";
		};
		045AC7E32BE98F500089E49A /* Controller */ = {
			isa = PBXGroup;
			children = (
				045AC7E62BE98F7B0089E49A /* MusicScreenViewController.swift */,
			);
			path = Controller;
			sourceTree = "<group>";
		};
		045AC7E42BE98F570089E49A /* View */ = {
			isa = PBXGroup;
			children = (
				045AC7E82BE994D20089E49A /* MusicSettingsCollectionViewCell.swift */,
				045AC7E92BE994D20089E49A /* MusicSettingsCollectionViewCell.xib */,
			);
			path = View;
			sourceTree = "<group>";
		};
		045AC7E52BE98F5E0089E49A /* Model */ = {
			isa = PBXGroup;
			children = (
				045AC7EC2BE9A8730089E49A /* MusicScreenModel.swift */,
			);
			path = Model;
			sourceTree = "<group>";
		};
		045AC7EE2BE9B4330089E49A /* Services */ = {
			isa = PBXGroup;
			children = (
				04F2C8DB2C00209A006D4872 /* Network */,
				0455378F2BF43CB500CB8863 /* MusicServices */,
				045AC7F02BE9B4540089E49A /* Persistency */,
				045AC7EF2BE9B4400089E49A /* ServiceProvider */,
			);
			path = Services;
			sourceTree = "<group>";
		};
		045AC7EF2BE9B4400089E49A /* ServiceProvider */ = {
			isa = PBXGroup;
			children = (
				045AC7FA2BE9B91C0089E49A /* SettingsProvider.swift */,
			);
			path = ServiceProvider;
			sourceTree = "<group>";
		};
		045AC7F02BE9B4540089E49A /* Persistency */ = {
			isa = PBXGroup;
			children = (
				044837DF2BEAFCA200069C53 /* CoreData */,
				045AC7F12BE9B4760089E49A /* UserDefaultStorage.swift */,
				045AC7F32BE9B48F0089E49A /* ApplicationSettings.swift */,
				045AC7F52BE9B4FC0089E49A /* ApplicationStorage.swift */,
			);
			path = Persistency;
			sourceTree = "<group>";
		};
		045AC7F72BE9B66D0089E49A /* Extensions */ = {
			isa = PBXGroup;
			children = (
				045AC7F82BE9B6940089E49A /* Bundle+Extensions.swift */,
				04F2C8CB2BFC75FD006D4872 /* Notification + Extensions.swift */,
				04F2C8CD2BFC769D006D4872 /* UIView.AnimationOptions + Extensions.swift */,
			);
			path = Extensions;
			sourceTree = "<group>";
		};
		045AC7FC2BE9C1370089E49A /* Localizable */ = {
			isa = PBXGroup;
			children = (
				045AC7FD2BE9C1610089E49A /* Localizable.strings */,
			);
			path = Localizable;
			sourceTree = "<group>";
		};
		04DF28CA2BE49C1C008247B1 = {
			isa = PBXGroup;
			children = (
				04DF28D52BE49C1C008247B1 /* DialogDroid */,
				04DF28D42BE49C1C008247B1 /* Products */,
				6ACABA769FDE79FD14CF6084 /* Pods */,
				CE6C525350A3012FF3CB0C6C /* Frameworks */,
			);
			sourceTree = "<group>";
		};
		04DF28D42BE49C1C008247B1 /* Products */ = {
			isa = PBXGroup;
			children = (
				04DF28D32BE49C1C008247B1 /* DialogDroid.app */,
			);
			name = Products;
			sourceTree = "<group>";
		};
		04DF28D52BE49C1C008247B1 /* DialogDroid */ = {
			isa = PBXGroup;
			children = (
				045AC7F72BE9B66D0089E49A /* Extensions */,
				045AC7EE2BE9B4330089E49A /* Services */,
				04DF28F32BE4A074008247B1 /* Presentation */,
				04DF28EF2BE4A004008247B1 /* Application */,
				04DF28EA2BE49D23008247B1 /* Sources */,
			);
			path = DialogDroid;
			sourceTree = "<group>";
		};
		04DF28EA2BE49D23008247B1 /* Sources */ = {
			isa = PBXGroup;
			children = (
				04DF28EC2BE49D41008247B1 /* Resources */,
				04DF28F02BE4A01C008247B1 /* SupportingFiles */,
				04DF28EB2BE49D2D008247B1 /* Generated */,
			);
			path = Sources;
			sourceTree = "<group>";
		};
		04DF28EB2BE49D2D008247B1 /* Generated */ = {
			isa = PBXGroup;
			children = (
				04DF28F12BE4A05D008247B1 /* R.generated.swift */,
			);
			path = Generated;
			sourceTree = "<group>";
		};
		04DF28EC2BE49D41008247B1 /* Resources */ = {
			isa = PBXGroup;
			children = (
				04E324D62C06BE3B00B12B21 /* Animations */,
				045537802BF4359300CB8863 /* Music */,
				045AC7FC2BE9C1370089E49A /* Localizable */,
				04DF28DF2BE49C1E008247B1 /* Assets.xcassets */,
				04E324D12C0407D500B12B21 /* NotLocalizable.strings */,
			);
			path = Resources;
			sourceTree = "<group>";
		};
		04DF28EF2BE4A004008247B1 /* Application */ = {
			isa = PBXGroup;
			children = (
				04DF28D62BE49C1C008247B1 /* AppDelegate.swift */,
				04DF28D82BE49C1C008247B1 /* SceneDelegate.swift */,
			);
			path = Application;
			sourceTree = "<group>";
		};
		04DF28F02BE4A01C008247B1 /* SupportingFiles */ = {
			isa = PBXGroup;
			children = (
				04DF28E42BE49C1E008247B1 /* Info.plist */,
				04F2C8E72C002D42006D4872 /* ApplicationConstants.swift */,
			);
			path = SupportingFiles;
			sourceTree = "<group>";
		};
		04DF28F32BE4A074008247B1 /* Presentation */ = {
			isa = PBXGroup;
			children = (
				04F2C8CF2C0005B9006D4872 /* RoleScreen */,
				044837F12BEB06E700069C53 /* ChatScreen */,
				045AC7E22BE98F370089E49A /* MusicSettingsScreen */,
				045AC7D32BE873BA0089E49A /* SettingsScreen */,
				045AC7CF2BE870600089E49A /* CustomElements */,
				04DF28F62BE4A0A0008247B1 /* MainScreen */,
				04DF28F52BE4A08A008247B1 /* Storyboard */,
				04DF28F42BE4A07B008247B1 /* LaunchScreen */,
			);
			path = Presentation;
			sourceTree = "<group>";
		};
		04DF28F42BE4A07B008247B1 /* LaunchScreen */ = {
			isa = PBXGroup;
			children = (
				04DF28E12BE49C1E008247B1 /* LaunchScreen.storyboard */,
				04E324D42C06A8EE00B12B21 /* LaunchScreenViewController.swift */,
			);
			path = LaunchScreen;
			sourceTree = "<group>";
		};
		04DF28F52BE4A08A008247B1 /* Storyboard */ = {
			isa = PBXGroup;
			children = (
				04DF28DC2BE49C1C008247B1 /* Main.storyboard */,
			);
			path = Storyboard;
			sourceTree = "<group>";
		};
		04DF28F62BE4A0A0008247B1 /* MainScreen */ = {
			isa = PBXGroup;
			children = (
				04DF28DA2BE49C1C008247B1 /* MainScreenViewController.swift */,
			);
			path = MainScreen;
			sourceTree = "<group>";
		};
		04E324D62C06BE3B00B12B21 /* Animations */ = {
			isa = PBXGroup;
			children = (
				04E324DF2C06D7FA00B12B21 /* avatarBot.json */,
				04E324D82C06BE5F00B12B21 /* loadView.json */,
				04E324DD2C06C3BC00B12B21 /* mainScreen.json */,
				04E324D92C06BE5F00B12B21 /* avatarPerson.json */,
			);
			path = Animations;
			sourceTree = "<group>";
		};
		04F2C8CF2C0005B9006D4872 /* RoleScreen */ = {
			isa = PBXGroup;
			children = (
				04F2C8D82C00124C006D4872 /* Model */,
				04F2C8D72C00123A006D4872 /* Controller */,
				04F2C8D22C00080A006D4872 /* View */,
			);
			path = RoleScreen;
			sourceTree = "<group>";
		};
		04F2C8D22C00080A006D4872 /* View */ = {
			isa = PBXGroup;
			children = (
				04F2C8D32C000846006D4872 /* RoleScreenTableViewCell.swift */,
				04F2C8D42C000846006D4872 /* RoleScreenTableViewCell.xib */,
			);
			path = View;
			sourceTree = "<group>";
		};
		04F2C8D72C00123A006D4872 /* Controller */ = {
			isa = PBXGroup;
			children = (
				04F2C8D02C0005DC006D4872 /* RoleScreenViewController.swift */,
			);
			path = Controller;
			sourceTree = "<group>";
		};
		04F2C8D82C00124C006D4872 /* Model */ = {
			isa = PBXGroup;
			children = (
				04F2C8D92C0012F4006D4872 /* ChatRole.swift */,
			);
			path = Model;
			sourceTree = "<group>";
		};
		04F2C8DB2C00209A006D4872 /* Network */ = {
			isa = PBXGroup;
			children = (
				04F2C8DC2C0020A6006D4872 /* AIClient */,
				04E324CF2C03FED700B12B21 /* AIManager.swift */,
			);
			path = Network;
			sourceTree = "<group>";
		};
		04F2C8DC2C0020A6006D4872 /* AIClient */ = {
			isa = PBXGroup;
			children = (
				04F2C8DD2C002272006D4872 /* AIClient.swift */,
				04F2C8E32C0028B0006D4872 /* AIClientEndPoint.swift */,
				04F2C8E52C002959006D4872 /* AIClientCommand.swift */,
				04F2C8DF2C002471006D4872 /* AIClientModel.swift */,
				04F2C8E12C002552006D4872 /* AIClientModelType.swift */,
			);
			path = AIClient;
			sourceTree = "<group>";
		};
		6ACABA769FDE79FD14CF6084 /* Pods */ = {
			isa = PBXGroup;
			children = (
				571C1B55AEB516085AFAB066 /* Pods-DialogDroid.debug.xcconfig */,
				C6F826579998BC2C2BA5C8FC /* Pods-DialogDroid.release.xcconfig */,
			);
			path = Pods;
			sourceTree = "<group>";
		};
		CE6C525350A3012FF3CB0C6C /* Frameworks */ = {
			isa = PBXGroup;
			children = (
				902B7B0F26F225B99FDA2B90 /* Pods_DialogDroid.framework */,
			);
			name = Frameworks;
			sourceTree = "<group>";
		};
/* End PBXGroup section */

/* Begin PBXNativeTarget section */
		04DF28D22BE49C1C008247B1 /* DialogDroid */ = {
			isa = PBXNativeTarget;
			buildConfigurationList = 04DF28E72BE49C1E008247B1 /* Build configuration list for PBXNativeTarget "DialogDroid" */;
			buildPhases = (
				409D80CA9DC7584604A18F4F /* [CP] Check Pods Manifest.lock */,
				04DF28ED2BE49D83008247B1 /* R.swift */,
				04DF28CF2BE49C1C008247B1 /* Sources */,
				04DF28D02BE49C1C008247B1 /* Frameworks */,
				04DF28D12BE49C1C008247B1 /* Resources */,
				A2D6B7B8B2F288A0402947DF /* [CP] Embed Pods Frameworks */,
				04DF28EE2BE49DCC008247B1 /* SwiftLint */,
			);
			buildRules = (
			);
			dependencies = (
			);
			name = DialogDroid;
			productName = DialogDroid;
			productReference = 04DF28D32BE49C1C008247B1 /* DialogDroid.app */;
			productType = "com.apple.product-type.application";
		};
/* End PBXNativeTarget section */

/* Begin PBXProject section */
		04DF28CB2BE49C1C008247B1 /* Project object */ = {
			isa = PBXProject;
			attributes = {
				BuildIndependentTargetsInParallel = 1;
				LastSwiftUpdateCheck = 1530;
				LastUpgradeCheck = 1530;
				TargetAttributes = {
					04DF28D22BE49C1C008247B1 = {
						CreatedOnToolsVersion = 15.3;
					};
				};
			};
			buildConfigurationList = 04DF28CE2BE49C1C008247B1 /* Build configuration list for PBXProject "DialogDroid" */;
			compatibilityVersion = "Xcode 14.0";
			developmentRegion = en;
			hasScannedForEncodings = 0;
			knownRegions = (
				en,
				Base,
				ru,
			);
			mainGroup = 04DF28CA2BE49C1C008247B1;
			productRefGroup = 04DF28D42BE49C1C008247B1 /* Products */;
			projectDirPath = "";
			projectRoot = "";
			targets = (
				04DF28D22BE49C1C008247B1 /* DialogDroid */,
			);
		};
/* End PBXProject section */

/* Begin PBXResourcesBuildPhase section */
		04DF28D12BE49C1C008247B1 /* Resources */ = {
			isa = PBXResourcesBuildPhase;
			buildActionMask = 2147483647;
			files = (
				04DF28E02BE49C1E008247B1 /* Assets.xcassets in Resources */,
				04F2C8D62C000846006D4872 /* RoleScreenTableViewCell.xib in Resources */,
				04E324DC2C06BE5F00B12B21 /* avatarPerson.json in Resources */,
				045AC7FF2BE9C1610089E49A /* Localizable.strings in Resources */,
				04DF28E32BE49C1E008247B1 /* Base in Resources */,
				04DF28DE2BE49C1C008247B1 /* Base in Resources */,
				04E324E02C06D7FA00B12B21 /* avatarBot.json in Resources */,
				045537882BF437CD00CB8863 /* Magic - Rude.mp3 in Resources */,
				045AC7DB2BE8755D0089E49A /* SettingsCollectionViewCell.xib in Resources */,
				0455378A2BF437CD00CB8863 /* PINK EYES! - Сон.mp3 in Resources */,
				0455378E2BF437CD00CB8863 /* LONEVATE feat. 18th - запах сирени.mp3 in Resources */,
				04E324DE2C06C3BC00B12B21 /* mainScreen.json in Resources */,
				0455378B2BF437CD00CB8863 /* Пошлая Молли - 2013.mp3 in Resources */,
				045AC7EA2BE994D20089E49A /* MusicSettingsCollectionViewCell.xib in Resources */,
				0455378D2BF437CD00CB8863 /* saypink kolenki.mp3 in Resources */,
				04E324DB2C06BE5F00B12B21 /* loadView.json in Resources */,
				045537892BF437CD00CB8863 /* saypink! - БРОСАЙ.mp3 in Resources */,
				04E324D32C0407D500B12B21 /* NotLocalizable.strings in Resources */,
				0455378C2BF437CD00CB8863 /* КОСМОНАВТОВ НЕТ - вход прости Юра мы всё потеряли.mp3 in Resources */,
			);
			runOnlyForDeploymentPostprocessing = 0;
		};
/* End PBXResourcesBuildPhase section */

/* Begin PBXShellScriptBuildPhase section */
		04DF28ED2BE49D83008247B1 /* R.swift */ = {
			isa = PBXShellScriptBuildPhase;
			alwaysOutOfDate = 1;
			buildActionMask = 2147483647;
			files = (
			);
			inputFileListPaths = (
			);
			inputPaths = (
			);
			name = R.swift;
			outputFileListPaths = (
				"",
			);
			outputPaths = (
				"$(SRCROOT)/DialogDroid/Sources/Generated/R.generated.swift ",
			);
			runOnlyForDeploymentPostprocessing = 0;
			shellPath = /bin/sh;
			shellScript = "\"$PODS_ROOT/R.swift/rswift\" generate \"$SRCROOT/DialogDroid/Sources/Generated/R.generated.swift\"\n\n";
		};
		04DF28EE2BE49DCC008247B1 /* SwiftLint */ = {
			isa = PBXShellScriptBuildPhase;
			alwaysOutOfDate = 1;
			buildActionMask = 2147483647;
			files = (
			);
			inputFileListPaths = (
			);
			inputPaths = (
			);
			name = SwiftLint;
			outputFileListPaths = (
			);
			outputPaths = (
			);
			runOnlyForDeploymentPostprocessing = 0;
			shellPath = /bin/sh;
			shellScript = "\"${PODS_ROOT}/SwiftLint/swiftlint\"\n";
		};
		409D80CA9DC7584604A18F4F /* [CP] Check Pods Manifest.lock */ = {
			isa = PBXShellScriptBuildPhase;
			buildActionMask = 2147483647;
			files = (
			);
			inputFileListPaths = (
			);
			inputPaths = (
				"${PODS_PODFILE_DIR_PATH}/Podfile.lock",
				"${PODS_ROOT}/Manifest.lock",
			);
			name = "[CP] Check Pods Manifest.lock";
			outputFileListPaths = (
			);
			outputPaths = (
				"$(DERIVED_FILE_DIR)/Pods-DialogDroid-checkManifestLockResult.txt",
			);
			runOnlyForDeploymentPostprocessing = 0;
			shellPath = /bin/sh;
			shellScript = "diff \"${PODS_PODFILE_DIR_PATH}/Podfile.lock\" \"${PODS_ROOT}/Manifest.lock\" > /dev/null\nif [ $? != 0 ] ; then\n    # print error to STDERR\n    echo \"error: The sandbox is not in sync with the Podfile.lock. Run 'pod install' or update your CocoaPods installation.\" >&2\n    exit 1\nfi\n# This output is used by Xcode 'outputs' to avoid re-running this script phase.\necho \"SUCCESS\" > \"${SCRIPT_OUTPUT_FILE_0}\"\n";
			showEnvVarsInLog = 0;
		};
		A2D6B7B8B2F288A0402947DF /* [CP] Embed Pods Frameworks */ = {
			isa = PBXShellScriptBuildPhase;
			buildActionMask = 2147483647;
			files = (
			);
			inputFileListPaths = (
				"${PODS_ROOT}/Target Support Files/Pods-DialogDroid/Pods-DialogDroid-frameworks-${CONFIGURATION}-input-files.xcfilelist",
			);
			name = "[CP] Embed Pods Frameworks";
			outputFileListPaths = (
				"${PODS_ROOT}/Target Support Files/Pods-DialogDroid/Pods-DialogDroid-frameworks-${CONFIGURATION}-output-files.xcfilelist",
			);
			runOnlyForDeploymentPostprocessing = 0;
			shellPath = /bin/sh;
			shellScript = "\"${PODS_ROOT}/Target Support Files/Pods-DialogDroid/Pods-DialogDroid-frameworks.sh\"\n";
			showEnvVarsInLog = 0;
		};
/* End PBXShellScriptBuildPhase section */

/* Begin PBXSourcesBuildPhase section */
		04DF28CF2BE49C1C008247B1 /* Sources */ = {
			isa = PBXSourcesBuildPhase;
			buildActionMask = 2147483647;
			files = (
				04F2C8E22C002552006D4872 /* AIClientModelType.swift in Sources */,
				044837EE2BEB01BF00069C53 /* CoreDataChatMessage+CoreDataClass.swift in Sources */,
				044837EF2BEB01BF00069C53 /* CoreDataChatMessage+CoreDataProperties.swift in Sources */,
				044837E22BEAFCCC00069C53 /* CoreDataService.swift in Sources */,
				045AC7F42BE9B48F0089E49A /* ApplicationSettings.swift in Sources */,
				045537932BF43DF200CB8863 /* MusicPlayerManager.swift in Sources */,
				045AC7F22BE9B4760089E49A /* UserDefaultStorage.swift in Sources */,
				045537912BF43CD200CB8863 /* MusicPlayer.swift in Sources */,
				045AC7D22BE8708B0089E49A /* CornerView.swift in Sources */,
				04F2C8CE2BFC769D006D4872 /* UIView.AnimationOptions + Extensions.swift in Sources */,
				045AC7E12BE898760089E49A /* SetttingsScreenCollectionModel.swift in Sources */,
				04DF28DB2BE49C1C008247B1 /* MainScreenViewController.swift in Sources */,
				044837E42BEAFCD800069C53 /* CoreDataManager.swift in Sources */,
				04DF28D72BE49C1C008247B1 /* AppDelegate.swift in Sources */,
				045AC7F92BE9B6940089E49A /* Bundle+Extensions.swift in Sources */,
				045AC7ED2BE9A8730089E49A /* MusicScreenModel.swift in Sources */,
				04DF28D92BE49C1C008247B1 /* SceneDelegate.swift in Sources */,
				045537962BF5C9C800CB8863 /* ChatScreenViewController.swift in Sources */,
				04E324D52C06A8EE00B12B21 /* LaunchScreenViewController.swift in Sources */,
				04F2C8CC2BFC75FD006D4872 /* Notification + Extensions.swift in Sources */,
				045AC7F62BE9B4FC0089E49A /* ApplicationStorage.swift in Sources */,
				04F2C8E62C002959006D4872 /* AIClientCommand.swift in Sources */,
				04F2C8D52C000846006D4872 /* RoleScreenTableViewCell.swift in Sources */,
				04F2C8E02C002471006D4872 /* AIClientModel.swift in Sources */,
				045AC7EB2BE994D20089E49A /* MusicSettingsCollectionViewCell.swift in Sources */,
				045AC7DC2BE8755D0089E49A /* SettingsCollectionViewCell.swift in Sources */,
				044837E72BEB004200069C53 /* DataModel.xcdatamodeld in Sources */,
				04DF28F22BE4A05D008247B1 /* R.generated.swift in Sources */,
				045537992BF5CEA500CB8863 /* ChatScreenTableViewCell.swift in Sources */,
				045AC7FB2BE9B91C0089E49A /* SettingsProvider.swift in Sources */,
				044837F42BEB072000069C53 /* MessageModel.swift in Sources */,
				04F2C8DA2C0012F4006D4872 /* ChatRole.swift in Sources */,
				04F2C8CA2BFC51E7006D4872 /* ChatScreenView.swift in Sources */,
				045AC7E72BE98F7B0089E49A /* MusicScreenViewController.swift in Sources */,
				04E324D02C03FED700B12B21 /* AIManager.swift in Sources */,
				04F2C8DE2C002272006D4872 /* AIClient.swift in Sources */,
				04F2C8D12C0005DC006D4872 /* RoleScreenViewController.swift in Sources */,
				045AC7D52BE873D70089E49A /* SettingsScreenViewController.swift in Sources */,
				04F2C8E82C002D42006D4872 /* ApplicationConstants.swift in Sources */,
				04F2C8E42C0028B0006D4872 /* AIClientEndPoint.swift in Sources */,
			);
			runOnlyForDeploymentPostprocessing = 0;
		};
/* End PBXSourcesBuildPhase section */

/* Begin PBXVariantGroup section */
		045AC7FD2BE9C1610089E49A /* Localizable.strings */ = {
			isa = PBXVariantGroup;
			children = (
				045AC7FE2BE9C1610089E49A /* en */,
				045AC8002BE9CDC10089E49A /* ru */,
			);
			name = Localizable.strings;
			sourceTree = "<group>";
		};
		04DF28DC2BE49C1C008247B1 /* Main.storyboard */ = {
			isa = PBXVariantGroup;
			children = (
				04DF28DD2BE49C1C008247B1 /* Base */,
			);
			name = Main.storyboard;
			sourceTree = "<group>";
		};
		04DF28E12BE49C1E008247B1 /* LaunchScreen.storyboard */ = {
			isa = PBXVariantGroup;
			children = (
				04DF28E22BE49C1E008247B1 /* Base */,
			);
			name = LaunchScreen.storyboard;
			sourceTree = "<group>";
		};
		04E324D12C0407D500B12B21 /* NotLocalizable.strings */ = {
			isa = PBXVariantGroup;
			children = (
				04E324D22C0407D500B12B21 /* en */,
			);
			name = NotLocalizable.strings;
			sourceTree = "<group>";
		};
/* End PBXVariantGroup section */

/* Begin XCBuildConfiguration section */
		04DF28E52BE49C1E008247B1 /* Debug */ = {
			isa = XCBuildConfiguration;
			buildSettings = {
				ALWAYS_SEARCH_USER_PATHS = NO;
				ASSETCATALOG_COMPILER_GENERATE_SWIFT_ASSET_SYMBOL_EXTENSIONS = YES;
				CLANG_ANALYZER_LOCALIZABILITY_NONLOCALIZED = YES;
				CLANG_ANALYZER_NONNULL = YES;
				CLANG_ANALYZER_NUMBER_OBJECT_CONVERSION = YES_AGGRESSIVE;
				CLANG_CXX_LANGUAGE_STANDARD = "gnu++20";
				CLANG_ENABLE_MODULES = YES;
				CLANG_ENABLE_OBJC_ARC = YES;
				CLANG_ENABLE_OBJC_WEAK = YES;
				CLANG_WARN_BLOCK_CAPTURE_AUTORELEASING = YES;
				CLANG_WARN_BOOL_CONVERSION = YES;
				CLANG_WARN_COMMA = YES;
				CLANG_WARN_CONSTANT_CONVERSION = YES;
				CLANG_WARN_DEPRECATED_OBJC_IMPLEMENTATIONS = YES;
				CLANG_WARN_DIRECT_OBJC_ISA_USAGE = YES_ERROR;
				CLANG_WARN_DOCUMENTATION_COMMENTS = YES;
				CLANG_WARN_EMPTY_BODY = YES;
				CLANG_WARN_ENUM_CONVERSION = YES;
				CLANG_WARN_INFINITE_RECURSION = YES;
				CLANG_WARN_INT_CONVERSION = YES;
				CLANG_WARN_NON_LITERAL_NULL_CONVERSION = YES;
				CLANG_WARN_OBJC_IMPLICIT_RETAIN_SELF = YES;
				CLANG_WARN_OBJC_LITERAL_CONVERSION = YES;
				CLANG_WARN_OBJC_ROOT_CLASS = YES_ERROR;
				CLANG_WARN_QUOTED_INCLUDE_IN_FRAMEWORK_HEADER = YES;
				CLANG_WARN_RANGE_LOOP_ANALYSIS = YES;
				CLANG_WARN_STRICT_PROTOTYPES = YES;
				CLANG_WARN_SUSPICIOUS_MOVE = YES;
				CLANG_WARN_UNGUARDED_AVAILABILITY = YES_AGGRESSIVE;
				CLANG_WARN_UNREACHABLE_CODE = YES;
				CLANG_WARN__DUPLICATE_METHOD_MATCH = YES;
				COPY_PHASE_STRIP = NO;
				DEBUG_INFORMATION_FORMAT = dwarf;
				ENABLE_STRICT_OBJC_MSGSEND = YES;
				ENABLE_TESTABILITY = YES;
				ENABLE_USER_SCRIPT_SANDBOXING = YES;
				GCC_C_LANGUAGE_STANDARD = gnu17;
				GCC_DYNAMIC_NO_PIC = NO;
				GCC_NO_COMMON_BLOCKS = YES;
				GCC_OPTIMIZATION_LEVEL = 0;
				GCC_PREPROCESSOR_DEFINITIONS = (
					"DEBUG=1",
					"$(inherited)",
				);
				GCC_WARN_64_TO_32_BIT_CONVERSION = YES;
				GCC_WARN_ABOUT_RETURN_TYPE = YES_ERROR;
				GCC_WARN_UNDECLARED_SELECTOR = YES;
				GCC_WARN_UNINITIALIZED_AUTOS = YES_AGGRESSIVE;
				GCC_WARN_UNUSED_FUNCTION = YES;
				GCC_WARN_UNUSED_VARIABLE = YES;
				IPHONEOS_DEPLOYMENT_TARGET = 17.4;
				LOCALIZATION_PREFERS_STRING_CATALOGS = YES;
				MTL_ENABLE_DEBUG_INFO = INCLUDE_SOURCE;
				MTL_FAST_MATH = YES;
				ONLY_ACTIVE_ARCH = YES;
				SDKROOT = iphoneos;
				SWIFT_ACTIVE_COMPILATION_CONDITIONS = "DEBUG $(inherited)";
				SWIFT_OPTIMIZATION_LEVEL = "-Onone";
			};
			name = Debug;
		};
		04DF28E62BE49C1E008247B1 /* Release */ = {
			isa = XCBuildConfiguration;
			buildSettings = {
				ALWAYS_SEARCH_USER_PATHS = NO;
				ASSETCATALOG_COMPILER_GENERATE_SWIFT_ASSET_SYMBOL_EXTENSIONS = YES;
				CLANG_ANALYZER_LOCALIZABILITY_NONLOCALIZED = YES;
				CLANG_ANALYZER_NONNULL = YES;
				CLANG_ANALYZER_NUMBER_OBJECT_CONVERSION = YES_AGGRESSIVE;
				CLANG_CXX_LANGUAGE_STANDARD = "gnu++20";
				CLANG_ENABLE_MODULES = YES;
				CLANG_ENABLE_OBJC_ARC = YES;
				CLANG_ENABLE_OBJC_WEAK = YES;
				CLANG_WARN_BLOCK_CAPTURE_AUTORELEASING = YES;
				CLANG_WARN_BOOL_CONVERSION = YES;
				CLANG_WARN_COMMA = YES;
				CLANG_WARN_CONSTANT_CONVERSION = YES;
				CLANG_WARN_DEPRECATED_OBJC_IMPLEMENTATIONS = YES;
				CLANG_WARN_DIRECT_OBJC_ISA_USAGE = YES_ERROR;
				CLANG_WARN_DOCUMENTATION_COMMENTS = YES;
				CLANG_WARN_EMPTY_BODY = YES;
				CLANG_WARN_ENUM_CONVERSION = YES;
				CLANG_WARN_INFINITE_RECURSION = YES;
				CLANG_WARN_INT_CONVERSION = YES;
				CLANG_WARN_NON_LITERAL_NULL_CONVERSION = YES;
				CLANG_WARN_OBJC_IMPLICIT_RETAIN_SELF = YES;
				CLANG_WARN_OBJC_LITERAL_CONVERSION = YES;
				CLANG_WARN_OBJC_ROOT_CLASS = YES_ERROR;
				CLANG_WARN_QUOTED_INCLUDE_IN_FRAMEWORK_HEADER = YES;
				CLANG_WARN_RANGE_LOOP_ANALYSIS = YES;
				CLANG_WARN_STRICT_PROTOTYPES = YES;
				CLANG_WARN_SUSPICIOUS_MOVE = YES;
				CLANG_WARN_UNGUARDED_AVAILABILITY = YES_AGGRESSIVE;
				CLANG_WARN_UNREACHABLE_CODE = YES;
				CLANG_WARN__DUPLICATE_METHOD_MATCH = YES;
				COPY_PHASE_STRIP = NO;
				DEBUG_INFORMATION_FORMAT = "dwarf-with-dsym";
				ENABLE_NS_ASSERTIONS = NO;
				ENABLE_STRICT_OBJC_MSGSEND = YES;
				ENABLE_USER_SCRIPT_SANDBOXING = YES;
				GCC_C_LANGUAGE_STANDARD = gnu17;
				GCC_NO_COMMON_BLOCKS = YES;
				GCC_WARN_64_TO_32_BIT_CONVERSION = YES;
				GCC_WARN_ABOUT_RETURN_TYPE = YES_ERROR;
				GCC_WARN_UNDECLARED_SELECTOR = YES;
				GCC_WARN_UNINITIALIZED_AUTOS = YES_AGGRESSIVE;
				GCC_WARN_UNUSED_FUNCTION = YES;
				GCC_WARN_UNUSED_VARIABLE = YES;
				IPHONEOS_DEPLOYMENT_TARGET = 17.4;
				LOCALIZATION_PREFERS_STRING_CATALOGS = YES;
				MTL_ENABLE_DEBUG_INFO = NO;
				MTL_FAST_MATH = YES;
				SDKROOT = iphoneos;
				SWIFT_COMPILATION_MODE = wholemodule;
				VALIDATE_PRODUCT = YES;
			};
			name = Release;
		};
		04DF28E82BE49C1E008247B1 /* Debug */ = {
			isa = XCBuildConfiguration;
			baseConfigurationReference = 571C1B55AEB516085AFAB066 /* Pods-DialogDroid.debug.xcconfig */;
			buildSettings = {
				ASSETCATALOG_COMPILER_APPICON_NAME = AppIcon;
				ASSETCATALOG_COMPILER_GLOBAL_ACCENT_COLOR_NAME = AccentColor;
				CODE_SIGN_STYLE = Automatic;
				CURRENT_PROJECT_VERSION = 1;
				DEVELOPMENT_TEAM = PMQYZYH462;
				ENABLE_USER_SCRIPT_SANDBOXING = NO;
				GENERATE_INFOPLIST_FILE = YES;
				INFOPLIST_FILE = DialogDroid/Sources/SupportingFiles/Info.plist;
				INFOPLIST_KEY_LSApplicationCategoryType = "public.app-category.education";
				INFOPLIST_KEY_UIApplicationSupportsIndirectInputEvents = YES;
				INFOPLIST_KEY_UILaunchStoryboardName = LaunchScreen;
				INFOPLIST_KEY_UIMainStoryboardFile = Main;
				INFOPLIST_KEY_UISupportedInterfaceOrientations = UIInterfaceOrientationPortrait;
				INFOPLIST_KEY_UISupportedInterfaceOrientations_iPad = "UIInterfaceOrientationLandscapeLeft UIInterfaceOrientationLandscapeRight UIInterfaceOrientationPortrait UIInterfaceOrientationPortraitUpsideDown";
				IPHONEOS_DEPLOYMENT_TARGET = 15.0;
				LD_RUNPATH_SEARCH_PATHS = (
					"$(inherited)",
					"@executable_path/Frameworks",
				);
				MARKETING_VERSION = 1.0;
				PRODUCT_BUNDLE_IDENTIFIER = urban.DialogDroid;
				PRODUCT_NAME = "$(TARGET_NAME)";
				SUPPORTED_PLATFORMS = "iphoneos iphonesimulator";
				SUPPORTS_MACCATALYST = NO;
				SUPPORTS_MAC_DESIGNED_FOR_IPHONE_IPAD = NO;
				SUPPORTS_XR_DESIGNED_FOR_IPHONE_IPAD = NO;
				SWIFT_EMIT_LOC_STRINGS = YES;
				SWIFT_VERSION = 5.0;
				TARGETED_DEVICE_FAMILY = 1;
			};
			name = Debug;
		};
		04DF28E92BE49C1E008247B1 /* Release */ = {
			isa = XCBuildConfiguration;
			baseConfigurationReference = C6F826579998BC2C2BA5C8FC /* Pods-DialogDroid.release.xcconfig */;
			buildSettings = {
				ASSETCATALOG_COMPILER_APPICON_NAME = AppIcon;
				ASSETCATALOG_COMPILER_GLOBAL_ACCENT_COLOR_NAME = AccentColor;
				CODE_SIGN_STYLE = Automatic;
				CURRENT_PROJECT_VERSION = 1;
				DEVELOPMENT_TEAM = PMQYZYH462;
				ENABLE_USER_SCRIPT_SANDBOXING = NO;
				GENERATE_INFOPLIST_FILE = YES;
				INFOPLIST_FILE = DialogDroid/Sources/SupportingFiles/Info.plist;
				INFOPLIST_KEY_LSApplicationCategoryType = "public.app-category.education";
				INFOPLIST_KEY_UIApplicationSupportsIndirectInputEvents = YES;
				INFOPLIST_KEY_UILaunchStoryboardName = LaunchScreen;
				INFOPLIST_KEY_UIMainStoryboardFile = Main;
				INFOPLIST_KEY_UISupportedInterfaceOrientations = UIInterfaceOrientationPortrait;
				INFOPLIST_KEY_UISupportedInterfaceOrientations_iPad = "UIInterfaceOrientationLandscapeLeft UIInterfaceOrientationLandscapeRight UIInterfaceOrientationPortrait UIInterfaceOrientationPortraitUpsideDown";
				IPHONEOS_DEPLOYMENT_TARGET = 15.0;
				LD_RUNPATH_SEARCH_PATHS = (
					"$(inherited)",
					"@executable_path/Frameworks",
				);
				MARKETING_VERSION = 1.0;
				PRODUCT_BUNDLE_IDENTIFIER = urban.DialogDroid;
				PRODUCT_NAME = "$(TARGET_NAME)";
				SUPPORTED_PLATFORMS = "iphoneos iphonesimulator";
				SUPPORTS_MACCATALYST = NO;
				SUPPORTS_MAC_DESIGNED_FOR_IPHONE_IPAD = NO;
				SUPPORTS_XR_DESIGNED_FOR_IPHONE_IPAD = NO;
				SWIFT_EMIT_LOC_STRINGS = YES;
				SWIFT_VERSION = 5.0;
				TARGETED_DEVICE_FAMILY = 1;
			};
			name = Release;
		};
/* End XCBuildConfiguration section */

/* Begin XCConfigurationList section */
		04DF28CE2BE49C1C008247B1 /* Build configuration list for PBXProject "DialogDroid" */ = {
			isa = XCConfigurationList;
			buildConfigurations = (
				04DF28E52BE49C1E008247B1 /* Debug */,
				04DF28E62BE49C1E008247B1 /* Release */,
			);
			defaultConfigurationIsVisible = 0;
			defaultConfigurationName = Release;
		};
		04DF28E72BE49C1E008247B1 /* Build configuration list for PBXNativeTarget "DialogDroid" */ = {
			isa = XCConfigurationList;
			buildConfigurations = (
				04DF28E82BE49C1E008247B1 /* Debug */,
				04DF28E92BE49C1E008247B1 /* Release */,
			);
			defaultConfigurationIsVisible = 0;
			defaultConfigurationName = Release;
		};
/* End XCConfigurationList section */

/* Begin XCVersionGroup section */
		044837E52BEB004200069C53 /* DataModel.xcdatamodeld */ = {
			isa = XCVersionGroup;
			children = (
				044837E62BEB004200069C53 /* DataModel.xcdatamodel */,
			);
			currentVersion = 044837E62BEB004200069C53 /* DataModel.xcdatamodel */;
			name = DataModel.xcdatamodeld;
			path = /Users/mac/Desktop/DialogDroid/DialogDroid/Services/Persistency/CoreData/Model/DataModel.xcdatamodeld;
			sourceTree = "<group>";
			versionGroupType = wrapper.xcdatamodel;
		};
/* End XCVersionGroup section */
	};
	rootObject = 04DF28CB2BE49C1C008247B1 /* Project object */;
}
